{
  "name": "keyright-node-sample",
  "version": "1.0.0",
  "lockfileVersion": 3,
  "requires": true,
  "packages": {
    "": {
      "name": "keyright-node-sample",
      "version": "1.0.0",
      "dependencies": {
        "keyright": "^1.1.4"
      }
    },
    "node_modules/keyright": {
      "version": "1.1.4",
      "resolved": "https://registry.npmjs.org/keyright/-/keyright-1.1.4.tgz",
      "integrity": "sha512-l8JSSD7EavlC7C6TMbBIXiZFmC325pdJ2E02M95DHCHuzI0Wx1FZlZnuBmOZxn7umzbYhDM7zQaIjuosoMbKBQ==",
      "license": "Apache-2.0",
      "bin": {
        "keyright-verify": "verify_cli.js"
      },
      "engines": {
        "node": ">=16"
      }
    }
  }
}
