{
  "name": "keyright-node-sample",
  "version": "1.0.0",
  "lockfileVersion": 3,
  "requires": true,
  "packages": {
    "": {
      "name": "keyright-node-sample",
      "version": "1.0.0",
      "dependencies": {
        "keyright": "^1.2.0"
      }
    },
    "node_modules/keyright": {
      "version": "1.2.0",
      "resolved": "https://registry.npmjs.org/keyright/-/keyright-1.2.0.tgz",
      "integrity": "sha512-0/pwe5EXQMxGvnokivRZHU57VJZBWcjTVHziUcnCQaMnxy5Qm35ZlkFfC13arv3VH30LYNVRAnsW1AMjeIEcvA==",
      "license": "Apache-2.0",
      "bin": {
        "keyright-verify": "verify_cli.js"
      },
      "engines": {
        "node": ">=16"
      }
    }
  }
}
